
Microsoft Visual Studio Solution File, Format Version 12.00
# Visual Studio Version 17
VisualStudioVersion = 17.2.32616.157
MinimumVisualStudioVersion = 10.0.40219.1
Project("{9A19103F-16F7-4668-BE54-9A1E7A4F7556}") = "Blog", "Blog.csproj", "{2E735A58-249C-4D1D-B24F-FD9311580CB4}"
EndProject
Global
	GlobalSection(SolutionConfigurationPlatforms) = preSolution
		Debug|Any CPU = Debug|Any CPU
		Release|Any CPU = Release|Any CPU
	EndGlobalSection
	GlobalSection(ProjectConfigurationPlatforms) = postSolution
		{2E735A58-249C-4D1D-B24F-FD9311580CB4}.Debug|Any CPU.ActiveCfg = Debug|Any CPU
		{2E735A58-249C-4D1D-B24F-FD9311580CB4}.Debug|Any CPU.Build.0 = Debug|Any CPU
		{2E735A58-249C-4D1D-B24F-FD9311580CB4}.Release|Any CPU.ActiveCfg = Release|Any CPU
		{2E735A58-249C-4D1D-B24F-FD9311580CB4}.Release|Any CPU.Build.0 = Release|Any CPU
	EndGlobalSection
	GlobalSection(SolutionProperties) = preSolution
		HideSolutionNode = FALSE
	EndGlobalSection
	GlobalSection(ExtensibilityGlobals) = postSolution
		SolutionGuid = {9CD6FD08-920B-4F3B-A51C-1A542E6574BF}
	EndGlobalSection
EndGlobal
